
Microsoft Visual Studio Solution File, Format Version 12.00
# Visual Studio Version 17
VisualStudioVersion = 17.14.36202.13
MinimumVisualStudioVersion = 10.0.40219.1
Project("{9A19103F-16F7-4668-BE54-9A1E7A4F7556}") = "PT.Domain", "2.Domain\PT.Domain.csproj", "{895F858C-6BDE-414C-8184-16D957B9CD84}"
EndProject
Project("{9A19103F-16F7-4668-BE54-9A1E7A4F7556}") = "PT.Infrastructure", "3.Infrastructure\PT.Infrastructure.csproj", "{3530180C-775B-4FAF-A7AD-2267CEF5A718}"
EndProject
Project("{9A19103F-16F7-4668-BE54-9A1E7A4F7556}") = "PT.Share", "4.Shared\PT.Share.csproj", "{DC90B660-2F31-476C-A48E-09CE3283B785}"
EndProject
Project("{9A19103F-16F7-4668-BE54-9A1E7A4F7556}") = "PT.Base", "5.Base\PT.Base\PT.Base.csproj", "{50BD3E53-89A6-4B89-B5CD-C35DAAA01168}"
EndProject
Project("{9A19103F-16F7-4668-BE54-9A1E7A4F7556}") = "PT.BE", "1.Backend\PT.BE.csproj", "{66CC72C0-0DE3-447D-8961-D02266D8F46D}"
EndProject
Project("{2150E333-8FDC-42A3-9474-1A3956D46DE8}") = "3.DLL", "3.DLL", "{02EA681E-C7D8-13C7-8484-4AC65E1B71E8}"
EndProject
Project("{2150E333-8FDC-42A3-9474-1A3956D46DE8}") = "2.BE", "2.BE", "{3F788BFE-8369-4F93-899D-39460C2DDD96}"
EndProject
Project("{2150E333-8FDC-42A3-9474-1A3956D46DE8}") = "1.FE_Portal1", "1.FE_Portal1", "{4B2F85B6-9EB7-4E0C-A0C3-6BCBAC3B12FD}"
EndProject
Project("{FAE04EC0-301F-11D3-BF4B-00C04F79EFBC}") = "PT.UI", "6.FE\Portal1\PT.UI.csproj", "{0ADE13AD-EF2A-1556-D004-349A8A481818}"
EndProject
Global
	GlobalSection(SolutionConfigurationPlatforms) = preSolution
		Debug|Any CPU = Debug|Any CPU
		Release|Any CPU = Release|Any CPU
	EndGlobalSection
	GlobalSection(ProjectConfigurationPlatforms) = postSolution
		{895F858C-6BDE-414C-8184-16D957B9CD84}.Debug|Any CPU.ActiveCfg = Debug|Any CPU
		{895F858C-6BDE-414C-8184-16D957B9CD84}.Debug|Any CPU.Build.0 = Debug|Any CPU
		{895F858C-6BDE-414C-8184-16D957B9CD84}.Release|Any CPU.ActiveCfg = Release|Any CPU
		{895F858C-6BDE-414C-8184-16D957B9CD84}.Release|Any CPU.Build.0 = Release|Any CPU
		{3530180C-775B-4FAF-A7AD-2267CEF5A718}.Debug|Any CPU.ActiveCfg = Debug|Any CPU
		{3530180C-775B-4FAF-A7AD-2267CEF5A718}.Debug|Any CPU.Build.0 = Debug|Any CPU
		{3530180C-775B-4FAF-A7AD-2267CEF5A718}.Release|Any CPU.ActiveCfg = Release|Any CPU
		{3530180C-775B-4FAF-A7AD-2267CEF5A718}.Release|Any CPU.Build.0 = Release|Any CPU
		{DC90B660-2F31-476C-A48E-09CE3283B785}.Debug|Any CPU.ActiveCfg = Debug|Any CPU
		{DC90B660-2F31-476C-A48E-09CE3283B785}.Debug|Any CPU.Build.0 = Debug|Any CPU
		{DC90B660-2F31-476C-A48E-09CE3283B785}.Release|Any CPU.ActiveCfg = Release|Any CPU
		{DC90B660-2F31-476C-A48E-09CE3283B785}.Release|Any CPU.Build.0 = Release|Any CPU
		{50BD3E53-89A6-4B89-B5CD-C35DAAA01168}.Debug|Any CPU.ActiveCfg = Debug|Any CPU
		{50BD3E53-89A6-4B89-B5CD-C35DAAA01168}.Debug|Any CPU.Build.0 = Debug|Any CPU
		{50BD3E53-89A6-4B89-B5CD-C35DAAA01168}.Release|Any CPU.ActiveCfg = Release|Any CPU
		{50BD3E53-89A6-4B89-B5CD-C35DAAA01168}.Release|Any CPU.Build.0 = Release|Any CPU
		{66CC72C0-0DE3-447D-8961-D02266D8F46D}.Debug|Any CPU.ActiveCfg = Debug|Any CPU
		{66CC72C0-0DE3-447D-8961-D02266D8F46D}.Debug|Any CPU.Build.0 = Debug|Any CPU
		{66CC72C0-0DE3-447D-8961-D02266D8F46D}.Release|Any CPU.ActiveCfg = Release|Any CPU
		{66CC72C0-0DE3-447D-8961-D02266D8F46D}.Release|Any CPU.Build.0 = Release|Any CPU
		{0ADE13AD-EF2A-1556-D004-349A8A481818}.Debug|Any CPU.ActiveCfg = Debug|Any CPU
		{0ADE13AD-EF2A-1556-D004-349A8A481818}.Debug|Any CPU.Build.0 = Debug|Any CPU
		{0ADE13AD-EF2A-1556-D004-349A8A481818}.Release|Any CPU.ActiveCfg = Release|Any CPU
		{0ADE13AD-EF2A-1556-D004-349A8A481818}.Release|Any CPU.Build.0 = Release|Any CPU
	EndGlobalSection
	GlobalSection(SolutionProperties) = preSolution
		HideSolutionNode = FALSE
	EndGlobalSection
	GlobalSection(NestedProjects) = preSolution
		{895F858C-6BDE-414C-8184-16D957B9CD84} = {02EA681E-C7D8-13C7-8484-4AC65E1B71E8}
		{3530180C-775B-4FAF-A7AD-2267CEF5A718} = {02EA681E-C7D8-13C7-8484-4AC65E1B71E8}
		{DC90B660-2F31-476C-A48E-09CE3283B785} = {02EA681E-C7D8-13C7-8484-4AC65E1B71E8}
		{50BD3E53-89A6-4B89-B5CD-C35DAAA01168} = {02EA681E-C7D8-13C7-8484-4AC65E1B71E8}
		{66CC72C0-0DE3-447D-8961-D02266D8F46D} = {3F788BFE-8369-4F93-899D-39460C2DDD96}
		{0ADE13AD-EF2A-1556-D004-349A8A481818} = {4B2F85B6-9EB7-4E0C-A0C3-6BCBAC3B12FD}
	EndGlobalSection
	GlobalSection(ExtensibilityGlobals) = postSolution
		SolutionGuid = {C2BA2D72-7156-4635-AFDE-858B649FD770}
	EndGlobalSection
EndGlobal
